# THIS IS AN AUTOGENERATED FILE. DO NOT EDIT THIS FILE DIRECTLY.
# yarn lockfile v1


"@squoosh/lib@^0.4.0":
  version "0.4.0"
  resolved "https://registry.yarnpkg.com/@squoosh/lib/-/lib-0.4.0.tgz#31d18cb082c69e404589e2e281414d10f91e1668"
  integrity sha512-O1LyugWLZjMI4JZeZMA5vzfhfPjfMZXH5/HmVkRagP8B70wH3uoR7tjxfGNdSavey357MwL8YJDxbGwBBdHp7Q==
  dependencies:
    wasm-feature-detect "^1.2.11"
    web-streams-polyfill "^3.0.3"

wasm-feature-detect@^1.2.11:
  version "1.2.11"
  resolved "https://registry.yarnpkg.com/wasm-feature-detect/-/wasm-feature-detect-1.2.11.tgz#e21992fd1f1d41a47490e392a5893cb39d81e29e"
  integrity sha512-HUqwaodrQGaZgz1lZaNioIkog9tkeEJjrM3eq4aUL04whXOVDRc/o2EGb/8kV0QX411iAYWEqq7fMBmJ6dKS6w==

web-streams-polyfill@^3.0.3:
  version "3.2.0"
  resolved "https://registry.yarnpkg.com/web-streams-polyfill/-/web-streams-polyfill-3.2.0.tgz#a6b74026b38e4885869fb5c589e90b95ccfc7965"
  integrity sha512-EqPmREeOzttaLRm5HS7io98goBgZ7IVz79aDvqjD0kYXLtFZTc0T/U6wHTPKyIjb+MdN7DFIIX6hgdBEpWmfPA==
